
Microsoft Visual Studio Solution File, Format Version 12.00
# Visual Studio Version 17
VisualStudioVersion = 17.0.31903.59
MinimumVisualStudioVersion = 10.0.40219.1
Project("{2150E333-8FDC-42A3-9474-1A3956D46DE8}") = "src", "src", "{827E0CD3-B72D-47B6-A68D-7590B98EB39B}"
EndProject
Project("{FAE04EC0-301F-11D3-BF4B-00C04F79EFBC}") = "LayoutBuddy.Engine", "src\LayoutBuddy.Engine\LayoutBuddy.Engine.csproj", "{BD13D67F-FB66-4484-8F10-ACCB49A3A4EF}"
EndProject
Project("{FAE04EC0-301F-11D3-BF4B-00C04F79EFBC}") = "LayoutBuddy", "src\LayoutBuddy\LayoutBuddy.csproj", "{9D8D33A4-30C5-4927-A5BF-AD7B7E6DBBF1}"
EndProject
Project("{2150E333-8FDC-42A3-9474-1A3956D46DE8}") = "tests", "tests", "{0AB3BF05-4346-4AA6-1389-037BE0695223}"
EndProject
Project("{FAE04EC0-301F-11D3-BF4B-00C04F79EFBC}") = "LayoutBuddy.Engine.Tests", "tests\LayoutBuddy.Engine.Tests\LayoutBuddy.Engine.Tests.csproj", "{A0E9CB77-7FB6-4C35-AF87-80AFAF90853D}"
EndProject
Global
	GlobalSection(SolutionConfigurationPlatforms) = preSolution
		Debug|Any CPU = Debug|Any CPU
		Debug|x64 = Debug|x64
		Debug|x86 = Debug|x86
		Release|Any CPU = Release|Any CPU
		Release|x64 = Release|x64
		Release|x86 = Release|x86
	EndGlobalSection
	GlobalSection(ProjectConfigurationPlatforms) = postSolution
		{BD13D67F-FB66-4484-8F10-ACCB49A3A4EF}.Debug|Any CPU.ActiveCfg = Debug|Any CPU
		{BD13D67F-FB66-4484-8F10-ACCB49A3A4EF}.Debug|Any CPU.Build.0 = Debug|Any CPU
		{BD13D67F-FB66-4484-8F10-ACCB49A3A4EF}.Debug|x64.ActiveCfg = Debug|Any CPU
		{BD13D67F-FB66-4484-8F10-ACCB49A3A4EF}.Debug|x64.Build.0 = Debug|Any CPU
		{BD13D67F-FB66-4484-8F10-ACCB49A3A4EF}.Debug|x86.ActiveCfg = Debug|Any CPU
		{BD13D67F-FB66-4484-8F10-ACCB49A3A4EF}.Debug|x86.Build.0 = Debug|Any CPU
		{BD13D67F-FB66-4484-8F10-ACCB49A3A4EF}.Release|Any CPU.ActiveCfg = Release|Any CPU
		{BD13D67F-FB66-4484-8F10-ACCB49A3A4EF}.Release|Any CPU.Build.0 = Release|Any CPU
		{BD13D67F-FB66-4484-8F10-ACCB49A3A4EF}.Release|x64.ActiveCfg = Release|Any CPU
		{BD13D67F-FB66-4484-8F10-ACCB49A3A4EF}.Release|x64.Build.0 = Release|Any CPU
		{BD13D67F-FB66-4484-8F10-ACCB49A3A4EF}.Release|x86.ActiveCfg = Release|Any CPU
		{BD13D67F-FB66-4484-8F10-ACCB49A3A4EF}.Release|x86.Build.0 = Release|Any CPU
		{9D8D33A4-30C5-4927-A5BF-AD7B7E6DBBF1}.Debug|Any CPU.ActiveCfg = Debug|Any CPU
		{9D8D33A4-30C5-4927-A5BF-AD7B7E6DBBF1}.Debug|Any CPU.Build.0 = Debug|Any CPU
		{9D8D33A4-30C5-4927-A5BF-AD7B7E6DBBF1}.Debug|x64.ActiveCfg = Debug|Any CPU
		{9D8D33A4-30C5-4927-A5BF-AD7B7E6DBBF1}.Debug|x64.Build.0 = Debug|Any CPU
		{9D8D33A4-30C5-4927-A5BF-AD7B7E6DBBF1}.Debug|x86.ActiveCfg = Debug|Any CPU
		{9D8D33A4-30C5-4927-A5BF-AD7B7E6DBBF1}.Debug|x86.Build.0 = Debug|Any CPU
		{9D8D33A4-30C5-4927-A5BF-AD7B7E6DBBF1}.Release|Any CPU.ActiveCfg = Release|Any CPU
		{9D8D33A4-30C5-4927-A5BF-AD7B7E6DBBF1}.Release|Any CPU.Build.0 = Release|Any CPU
		{9D8D33A4-30C5-4927-A5BF-AD7B7E6DBBF1}.Release|x64.ActiveCfg = Release|Any CPU
		{9D8D33A4-30C5-4927-A5BF-AD7B7E6DBBF1}.Release|x64.Build.0 = Release|Any CPU
		{9D8D33A4-30C5-4927-A5BF-AD7B7E6DBBF1}.Release|x86.ActiveCfg = Release|Any CPU
		{9D8D33A4-30C5-4927-A5BF-AD7B7E6DBBF1}.Release|x86.Build.0 = Release|Any CPU
		{A0E9CB77-7FB6-4C35-AF87-80AFAF90853D}.Debug|Any CPU.ActiveCfg = Debug|Any CPU
		{A0E9CB77-7FB6-4C35-AF87-80AFAF90853D}.Debug|Any CPU.Build.0 = Debug|Any CPU
		{A0E9CB77-7FB6-4C35-AF87-80AFAF90853D}.Debug|x64.ActiveCfg = Debug|Any CPU
		{A0E9CB77-7FB6-4C35-AF87-80AFAF90853D}.Debug|x64.Build.0 = Debug|Any CPU
		{A0E9CB77-7FB6-4C35-AF87-80AFAF90853D}.Debug|x86.ActiveCfg = Debug|Any CPU
		{A0E9CB77-7FB6-4C35-AF87-80AFAF90853D}.Debug|x86.Build.0 = Debug|Any CPU
		{A0E9CB77-7FB6-4C35-AF87-80AFAF90853D}.Release|Any CPU.ActiveCfg = Release|Any CPU
		{A0E9CB77-7FB6-4C35-AF87-80AFAF90853D}.Release|Any CPU.Build.0 = Release|Any CPU
		{A0E9CB77-7FB6-4C35-AF87-80AFAF90853D}.Release|x64.ActiveCfg = Release|Any CPU
		{A0E9CB77-7FB6-4C35-AF87-80AFAF90853D}.Release|x64.Build.0 = Release|Any CPU
		{A0E9CB77-7FB6-4C35-AF87-80AFAF90853D}.Release|x86.ActiveCfg = Release|Any CPU
		{A0E9CB77-7FB6-4C35-AF87-80AFAF90853D}.Release|x86.Build.0 = Release|Any CPU
	EndGlobalSection
	GlobalSection(SolutionProperties) = preSolution
		HideSolutionNode = FALSE
	EndGlobalSection
	GlobalSection(NestedProjects) = preSolution
		{BD13D67F-FB66-4484-8F10-ACCB49A3A4EF} = {827E0CD3-B72D-47B6-A68D-7590B98EB39B}
		{9D8D33A4-30C5-4927-A5BF-AD7B7E6DBBF1} = {827E0CD3-B72D-47B6-A68D-7590B98EB39B}
		{A0E9CB77-7FB6-4C35-AF87-80AFAF90853D} = {0AB3BF05-4346-4AA6-1389-037BE0695223}
	EndGlobalSection
EndGlobal
